// !$*UTF8*$!
{
	archiveVersion = 1;
	classes = {
	};
	objectVersion = 46;
	objects = {

/* Begin PBXBuildFile section */
		26E620C1AE8D0406CAAB44F9 /* Pods_MyWorkingLog.framework in Frameworks */ = {isa = PBXBuildFile; fileRef = C4F40FE69D8FA059A875154B /* Pods_MyWorkingLog.framework */; };
		6201A42E1D46FC36006A6CC6 /* WorkinglogDetailController.swift in Sources */ = {isa = PBXBuildFile; fileRef = 6201A42D1D46FC36006A6CC6 /* WorkinglogDetailController.swift */; };
		620F4BAD1D0E5C6D003E5B7A /* AppDelegate.swift in Sources */ = {isa = PBXBuildFile; fileRef = 620F4BAC1D0E5C6D003E5B7A /* AppDelegate.swift */; };
		620F4BAF1D0E5C6D003E5B7A /* ViewController.swift in Sources */ = {isa = PBXBuildFile; fileRef = 620F4BAE1D0E5C6D003E5B7A /* ViewController.swift */; };
		620F4BB11D0E5C6D003E5B7A /* Assets.xcassets in Resources */ = {isa = PBXBuildFile; fileRef = 620F4BB01D0E5C6D003E5B7A /* Assets.xcassets */; };
		620F4BB41D0E5C6D003E5B7A /* Main.storyboard in Resources */ = {isa = PBXBuildFile; fileRef = 620F4BB21D0E5C6D003E5B7A /* Main.storyboard */; };
		620F4BBF1D0E5C6E003E5B7A /* MyWorkingLogTests.swift in Sources */ = {isa = PBXBuildFile; fileRef = 620F4BBE1D0E5C6E003E5B7A /* MyWorkingLogTests.swift */; };
		620F4BCA1D0E5C6E003E5B7A /* MyWorkingLogUITests.swift in Sources */ = {isa = PBXBuildFile; fileRef = 620F4BC91D0E5C6E003E5B7A /* MyWorkingLogUITests.swift */; };
		6216FF061D40A45B008A06B8 /* Project.swift in Sources */ = {isa = PBXBuildFile; fileRef = 6216FF051D40A45B008A06B8 /* Project.swift */; };
		6216FF081D40A4B2008A06B8 /* WorkingLog.swift in Sources */ = {isa = PBXBuildFile; fileRef = 6216FF071D40A4B2008A06B8 /* WorkingLog.swift */; };
		623BAF471D10EC7D00474B52 /* ProjectTable.swift in Sources */ = {isa = PBXBuildFile; fileRef = 623BAF461D10EC7D00474B52 /* ProjectTable.swift */; };
		6245211A1D518C12007188DA /* PopAlert.swift in Sources */ = {isa = PBXBuildFile; fileRef = 624521191D518C12007188DA /* PopAlert.swift */; };
		6245211C1D518CBF007188DA /* PopAlert.xib in Resources */ = {isa = PBXBuildFile; fileRef = 6245211B1D518CBF007188DA /* PopAlert.xib */; };
		628190A01D42197000267E73 /* DeleteCellView.swift in Sources */ = {isa = PBXBuildFile; fileRef = 6281909F1D42197000267E73 /* DeleteCellView.swift */; };
		628267021D5855B800320147 /* DataBaseViewController.swift in Sources */ = {isa = PBXBuildFile; fileRef = 628267011D5855B800320147 /* DataBaseViewController.swift */; };
		628267071D5859E900320147 /* properties.plist in Resources */ = {isa = PBXBuildFile; fileRef = 628267061D5859E900320147 /* properties.plist */; };
		6282670A1D585C4600320147 /* data.db in Resources */ = {isa = PBXBuildFile; fileRef = 628267091D585C4600320147 /* data.db */; };
		6282670C1D585D0F00320147 /* Properties.swift in Sources */ = {isa = PBXBuildFile; fileRef = 6282670B1D585D0F00320147 /* Properties.swift */; };
		628267141D5871C000320147 /* Automator.framework in Frameworks */ = {isa = PBXBuildFile; fileRef = 628267131D5871C000320147 /* Automator.framework */; };
		629A60281D38B38900A76955 /* WindowController.swift in Sources */ = {isa = PBXBuildFile; fileRef = 629A60271D38B38900A76955 /* WindowController.swift */; };
		62ADC54E1D406E7000A7F00D /* StringEx.swift in Sources */ = {isa = PBXBuildFile; fileRef = 62ADC54D1D406E7000A7F00D /* StringEx.swift */; };
		62ADCF7F1D1395E4002E2F9F /* WorkingLogTable.swift in Sources */ = {isa = PBXBuildFile; fileRef = 62ADCF7E1D1395E4002E2F9F /* WorkingLogTable.swift */; };
		62B81C301D0FFF5A00B05900 /* DBHelper.swift in Sources */ = {isa = PBXBuildFile; fileRef = 62B81C2F1D0FFF5A00B05900 /* DBHelper.swift */; };
		62C353111D4608F000F69E99 /* Const.swift in Sources */ = {isa = PBXBuildFile; fileRef = 62C353101D4608F000F69E99 /* Const.swift */; };
		62D79B5B1D4B046900B740E3 /* NSImageEx.swift in Sources */ = {isa = PBXBuildFile; fileRef = 62D79B5A1D4B046900B740E3 /* NSImageEx.swift */; };
		62F86DA91D50496F00179406 /* ProjectManagerViewController.swift in Sources */ = {isa = PBXBuildFile; fileRef = 62F86DA81D50496F00179406 /* ProjectManagerViewController.swift */; };
		62F86DAB1D50893F00179406 /* Alert.swift in Sources */ = {isa = PBXBuildFile; fileRef = 62F86DAA1D50893F00179406 /* Alert.swift */; };
		ADE884AC47B3CB1041F24588 /* Pods_MyWorkingLogTests.framework in Frameworks */ = {isa = PBXBuildFile; fileRef = 68124691FB40EB19F60640CD /* Pods_MyWorkingLogTests.framework */; };
/* End PBXBuildFile section */

/* Begin PBXContainerItemProxy section */
		620F4BBB1D0E5C6E003E5B7A /* PBXContainerItemProxy */ = {
			isa = PBXContainerItemProxy;
			containerPortal = 620F4BA11D0E5C6D003E5B7A /* Project object */;
			proxyType = 1;
			remoteGlobalIDString = 620F4BA81D0E5C6D003E5B7A;
			remoteInfo = MyWorkingLog;
		};
		620F4BC61D0E5C6E003E5B7A /* PBXContainerItemProxy */ = {
			isa = PBXContainerItemProxy;
			containerPortal = 620F4BA11D0E5C6D003E5B7A /* Project object */;
			proxyType = 1;
			remoteGlobalIDString = 620F4BA81D0E5C6D003E5B7A;
			remoteInfo = MyWorkingLog;
		};
/* End PBXContainerItemProxy section */

/* Begin PBXFileReference section */
		6201A42D1D46FC36006A6CC6 /* WorkinglogDetailController.swift */ = {isa = PBXFileReference; fileEncoding = 4; lastKnownFileType = sourcecode.swift; path = WorkinglogDetailController.swift; sourceTree = "<group>"; };
		620F4BA91D0E5C6D003E5B7A /* MyWorkingLog.app */ = {isa = PBXFileReference; explicitFileType = wrapper.application; includeInIndex = 0; path = MyWorkingLog.app; sourceTree = BUILT_PRODUCTS_DIR; };
		620F4BAC1D0E5C6D003E5B7A /* AppDelegate.swift */ = {isa = PBXFileReference; lastKnownFileType = sourcecode.swift; path = AppDelegate.swift; sourceTree = "<group>"; };
		620F4BAE1D0E5C6D003E5B7A /* ViewController.swift */ = {isa = PBXFileReference; lastKnownFileType = sourcecode.swift; path = ViewController.swift; sourceTree = "<group>"; };
		620F4BB01D0E5C6D003E5B7A /* Assets.xcassets */ = {isa = PBXFileReference; lastKnownFileType = folder.assetcatalog; path = Assets.xcassets; sourceTree = "<group>"; };
		620F4BB31D0E5C6D003E5B7A /* Base */ = {isa = PBXFileReference; lastKnownFileType = file.storyboard; name = Base; path = Base.lproj/Main.storyboard; sourceTree = "<group>"; };
		620F4BB51D0E5C6D003E5B7A /* Info.plist */ = {isa = PBXFileReference; lastKnownFileType = text.plist.xml; path = Info.plist; sourceTree = "<group>"; };
		620F4BBA1D0E5C6E003E5B7A /* MyWorkingLogTests.xctest */ = {isa = PBXFileReference; explicitFileType = wrapper.cfbundle; includeInIndex = 0; path = MyWorkingLogTests.xctest; sourceTree = BUILT_PRODUCTS_DIR; };
		620F4BBE1D0E5C6E003E5B7A /* MyWorkingLogTests.swift */ = {isa = PBXFileReference; lastKnownFileType = sourcecode.swift; path = MyWorkingLogTests.swift; sourceTree = "<group>"; };
		620F4BC01D0E5C6E003E5B7A /* Info.plist */ = {isa = PBXFileReference; lastKnownFileType = text.plist.xml; path = Info.plist; sourceTree = "<group>"; };
		620F4BC51D0E5C6E003E5B7A /* MyWorkingLogUITests.xctest */ = {isa = PBXFileReference; explicitFileType = wrapper.cfbundle; includeInIndex = 0; path = MyWorkingLogUITests.xctest; sourceTree = BUILT_PRODUCTS_DIR; };
		620F4BC91D0E5C6E003E5B7A /* MyWorkingLogUITests.swift */ = {isa = PBXFileReference; lastKnownFileType = sourcecode.swift; path = MyWorkingLogUITests.swift; sourceTree = "<group>"; };
		620F4BCB1D0E5C6E003E5B7A /* Info.plist */ = {isa = PBXFileReference; lastKnownFileType = text.plist.xml; path = Info.plist; sourceTree = "<group>"; };
		6216FF051D40A45B008A06B8 /* Project.swift */ = {isa = PBXFileReference; fileEncoding = 4; lastKnownFileType = sourcecode.swift; path = Project.swift; sourceTree = "<group>"; };
		6216FF071D40A4B2008A06B8 /* WorkingLog.swift */ = {isa = PBXFileReference; fileEncoding = 4; lastKnownFileType = sourcecode.swift; path = WorkingLog.swift; sourceTree = "<group>"; };
		623BAF461D10EC7D00474B52 /* ProjectTable.swift */ = {isa = PBXFileReference; fileEncoding = 4; lastKnownFileType = sourcecode.swift; path = ProjectTable.swift; sourceTree = "<group>"; };
		624521191D518C12007188DA /* PopAlert.swift */ = {isa = PBXFileReference; fileEncoding = 4; lastKnownFileType = sourcecode.swift; path = PopAlert.swift; sourceTree = "<group>"; };
		6245211B1D518CBF007188DA /* PopAlert.xib */ = {isa = PBXFileReference; fileEncoding = 4; lastKnownFileType = file.xib; path = PopAlert.xib; sourceTree = "<group>"; };
		624EF5DB1DED257D0090C816 /* SQLite.framework */ = {isa = PBXFileReference; lastKnownFileType = wrapper.framework; name = SQLite.framework; path = "../../../../Users/ljs/Library/Developer/Xcode/DerivedData/MyWorkingLog-ghqiuxpwekxegfgjxolnnechkdcr/Build/Products/Debug/SQLite.swift/SQLite.framework"; sourceTree = "<group>"; };
		6281909F1D42197000267E73 /* DeleteCellView.swift */ = {isa = PBXFileReference; fileEncoding = 4; lastKnownFileType = sourcecode.swift; path = DeleteCellView.swift; sourceTree = "<group>"; };
		628267011D5855B800320147 /* DataBaseViewController.swift */ = {isa = PBXFileReference; fileEncoding = 4; lastKnownFileType = sourcecode.swift; path = DataBaseViewController.swift; sourceTree = "<group>"; };
		628267061D5859E900320147 /* properties.plist */ = {isa = PBXFileReference; fileEncoding = 4; lastKnownFileType = text.plist.xml; path = properties.plist; sourceTree = "<group>"; };
		628267091D585C4600320147 /* data.db */ = {isa = PBXFileReference; lastKnownFileType = file; path = data.db; sourceTree = "<group>"; };
		6282670B1D585D0F00320147 /* Properties.swift */ = {isa = PBXFileReference; fileEncoding = 4; lastKnownFileType = sourcecode.swift; path = Properties.swift; sourceTree = "<group>"; };
		6282670D1D58712B00320147 /* AppKit.framework */ = {isa = PBXFileReference; lastKnownFileType = wrapper.framework; name = AppKit.framework; path = System/Library/Frameworks/AppKit.framework; sourceTree = SDKROOT; };
		6282670F1D58715100320147 /* ApplicationServices.framework */ = {isa = PBXFileReference; lastKnownFileType = wrapper.framework; name = ApplicationServices.framework; path = System/Library/Frameworks/ApplicationServices.framework; sourceTree = SDKROOT; };
		628267111D58716200320147 /* AppleScriptKit.framework */ = {isa = PBXFileReference; lastKnownFileType = wrapper.framework; name = AppleScriptKit.framework; path = System/Library/Frameworks/AppleScriptKit.framework; sourceTree = SDKROOT; };
		628267131D5871C000320147 /* Automator.framework */ = {isa = PBXFileReference; lastKnownFileType = wrapper.framework; name = Automator.framework; path = System/Library/Frameworks/Automator.framework; sourceTree = SDKROOT; };
		6296D2341D0EB4A100D7A3A5 /* libsqlite3.tbd */ = {isa = PBXFileReference; lastKnownFileType = "sourcecode.text-based-dylib-definition"; name = libsqlite3.tbd; path = usr/lib/libsqlite3.tbd; sourceTree = SDKROOT; };
		6296D2361D0EB4C700D7A3A5 /* libsqlite3.0.tbd */ = {isa = PBXFileReference; lastKnownFileType = "sourcecode.text-based-dylib-definition"; name = libsqlite3.0.tbd; path = usr/lib/libsqlite3.0.tbd; sourceTree = SDKROOT; };
		629A60271D38B38900A76955 /* WindowController.swift */ = {isa = PBXFileReference; fileEncoding = 4; lastKnownFileType = sourcecode.swift; path = WindowController.swift; sourceTree = "<group>"; };
		62ADC54D1D406E7000A7F00D /* StringEx.swift */ = {isa = PBXFileReference; fileEncoding = 4; lastKnownFileType = sourcecode.swift; path = StringEx.swift; sourceTree = "<group>"; };
		62ADCF7E1D1395E4002E2F9F /* WorkingLogTable.swift */ = {isa = PBXFileReference; fileEncoding = 4; lastKnownFileType = sourcecode.swift; path = WorkingLogTable.swift; sourceTree = "<group>"; };
		62ADCF801D139DF3002E2F9F /* SQLite.framework */ = {isa = PBXFileReference; lastKnownFileType = wrapper.framework; name = SQLite.framework; path = "../../../../Users/ljs/Library/Developer/Xcode/DerivedData/MyWorkingLog-cdvhhywsfnpjjshefgbmlbcpruhe/Build/Products/Debug/SQLite.swift/SQLite.framework"; sourceTree = "<group>"; };
		62B81C2F1D0FFF5A00B05900 /* DBHelper.swift */ = {isa = PBXFileReference; fileEncoding = 4; lastKnownFileType = sourcecode.swift; path = DBHelper.swift; sourceTree = "<group>"; };
		62C353101D4608F000F69E99 /* Const.swift */ = {isa = PBXFileReference; fileEncoding = 4; lastKnownFileType = sourcecode.swift; path = Const.swift; sourceTree = "<group>"; };
		62D79B5A1D4B046900B740E3 /* NSImageEx.swift */ = {isa = PBXFileReference; fileEncoding = 4; lastKnownFileType = sourcecode.swift; path = NSImageEx.swift; sourceTree = "<group>"; };
		62F86DA81D50496F00179406 /* ProjectManagerViewController.swift */ = {isa = PBXFileReference; fileEncoding = 4; lastKnownFileType = sourcecode.swift; path = ProjectManagerViewController.swift; sourceTree = "<group>"; };
		62F86DAA1D50893F00179406 /* Alert.swift */ = {isa = PBXFileReference; fileEncoding = 4; lastKnownFileType = sourcecode.swift; path = Alert.swift; sourceTree = "<group>"; };
		68124691FB40EB19F60640CD /* Pods_MyWorkingLogTests.framework */ = {isa = PBXFileReference; explicitFileType = wrapper.framework; includeInIndex = 0; path = Pods_MyWorkingLogTests.framework; sourceTree = BUILT_PRODUCTS_DIR; };
		6B2FB098A043BB450EC9C0F7 /* Pods-MyWorkingLog.debug.xcconfig */ = {isa = PBXFileReference; includeInIndex = 1; lastKnownFileType = text.xcconfig; name = "Pods-MyWorkingLog.debug.xcconfig"; path = "Pods/Target Support Files/Pods-MyWorkingLog/Pods-MyWorkingLog.debug.xcconfig"; sourceTree = "<group>"; };
		974D312E13D8888097B53A34 /* Pods-MyWorkingLog.release.xcconfig */ = {isa = PBXFileReference; includeInIndex = 1; lastKnownFileType = text.xcconfig; name = "Pods-MyWorkingLog.release.xcconfig"; path = "Pods/Target Support Files/Pods-MyWorkingLog/Pods-MyWorkingLog.release.xcconfig"; sourceTree = "<group>"; };
		9E61F66ECF2B136781579179 /* Pods-MyWorkingLogTests.debug.xcconfig */ = {isa = PBXFileReference; includeInIndex = 1; lastKnownFileType = text.xcconfig; name = "Pods-MyWorkingLogTests.debug.xcconfig"; path = "Pods/Target Support Files/Pods-MyWorkingLogTests/Pods-MyWorkingLogTests.debug.xcconfig"; sourceTree = "<group>"; };
		C4F40FE69D8FA059A875154B /* Pods_MyWorkingLog.framework */ = {isa = PBXFileReference; explicitFileType = wrapper.framework; includeInIndex = 0; path = Pods_MyWorkingLog.framework; sourceTree = BUILT_PRODUCTS_DIR; };
		D7981625970B06DE1AAA1B6A /* Pods-MyWorkingLogTests.release.xcconfig */ = {isa = PBXFileReference; includeInIndex = 1; lastKnownFileType = text.xcconfig; name = "Pods-MyWorkingLogTests.release.xcconfig"; path = "Pods/Target Support Files/Pods-MyWorkingLogTests/Pods-MyWorkingLogTests.release.xcconfig"; sourceTree = "<group>"; };
/* End PBXFileReference section */

/* Begin PBXFrameworksBuildPhase section */
		620F4BA61D0E5C6D003E5B7A /* Frameworks */ = {
			isa = PBXFrameworksBuildPhase;
			buildActionMask = 2147483647;
			files = (
				628267141D5871C000320147 /* Automator.framework in Frameworks */,
				26E620C1AE8D0406CAAB44F9 /* Pods_MyWorkingLog.framework in Frameworks */,
			);
			runOnlyForDeploymentPostprocessing = 0;
		};
		620F4BB71D0E5C6E003E5B7A /* Frameworks */ = {
			isa = PBXFrameworksBuildPhase;
			buildActionMask = 2147483647;
			files = (
				ADE884AC47B3CB1041F24588 /* Pods_MyWorkingLogTests.framework in Frameworks */,
			);
			runOnlyForDeploymentPostprocessing = 0;
		};
		620F4BC21D0E5C6E003E5B7A /* Frameworks */ = {
			isa = PBXFrameworksBuildPhase;
			buildActionMask = 2147483647;
			files = (
			);
			runOnlyForDeploymentPostprocessing = 0;
		};
/* End PBXFrameworksBuildPhase section */

/* Begin PBXGroup section */
		535074562AD6963D15786D5F /* Pods */ = {
			isa = PBXGroup;
			children = (
				6B2FB098A043BB450EC9C0F7 /* Pods-MyWorkingLog.debug.xcconfig */,
				974D312E13D8888097B53A34 /* Pods-MyWorkingLog.release.xcconfig */,
				9E61F66ECF2B136781579179 /* Pods-MyWorkingLogTests.debug.xcconfig */,
				D7981625970B06DE1AAA1B6A /* Pods-MyWorkingLogTests.release.xcconfig */,
			);
			name = Pods;
			sourceTree = "<group>";
		};
		6201A42F1D470183006A6CC6 /* Controller */ = {
			isa = PBXGroup;
			children = (
				629A60271D38B38900A76955 /* WindowController.swift */,
				620F4BAE1D0E5C6D003E5B7A /* ViewController.swift */,
				6201A42D1D46FC36006A6CC6 /* WorkinglogDetailController.swift */,
				62F86DA81D50496F00179406 /* ProjectManagerViewController.swift */,
				628267011D5855B800320147 /* DataBaseViewController.swift */,
			);
			name = Controller;
			sourceTree = "<group>";
		};
		620F4BA01D0E5C6D003E5B7A = {
			isa = PBXGroup;
			children = (
				620F4BAB1D0E5C6D003E5B7A /* MyWorkingLog */,
				620F4BBD1D0E5C6E003E5B7A /* MyWorkingLogTests */,
				620F4BC81D0E5C6E003E5B7A /* MyWorkingLogUITests */,
				620F4BAA1D0E5C6D003E5B7A /* Products */,
				535074562AD6963D15786D5F /* Pods */,
				73C4EB5E0E197B68D3A88216 /* Frameworks */,
			);
			sourceTree = "<group>";
		};
		620F4BAA1D0E5C6D003E5B7A /* Products */ = {
			isa = PBXGroup;
			children = (
				620F4BA91D0E5C6D003E5B7A /* MyWorkingLog.app */,
				620F4BBA1D0E5C6E003E5B7A /* MyWorkingLogTests.xctest */,
				620F4BC51D0E5C6E003E5B7A /* MyWorkingLogUITests.xctest */,
			);
			name = Products;
			sourceTree = "<group>";
		};
		620F4BAB1D0E5C6D003E5B7A /* MyWorkingLog */ = {
			isa = PBXGroup;
			children = (
				628267081D585BFD00320147 /* res */,
				6201A42F1D470183006A6CC6 /* Controller */,
				6281909E1D42195C00267E73 /* Widget */,
				6216FF041D40A3EC008A06B8 /* Model */,
				62ADC54C1D406E5900A7F00D /* Extends */,
				62B81C2E1D0FFF3B00B05900 /* Data */,
				620F4BAC1D0E5C6D003E5B7A /* AppDelegate.swift */,
				620F4BB01D0E5C6D003E5B7A /* Assets.xcassets */,
				620F4BB51D0E5C6D003E5B7A /* Info.plist */,
				62C353101D4608F000F69E99 /* Const.swift */,
				6282670B1D585D0F00320147 /* Properties.swift */,
			);
			path = MyWorkingLog;
			sourceTree = "<group>";
		};
		620F4BBD1D0E5C6E003E5B7A /* MyWorkingLogTests */ = {
			isa = PBXGroup;
			children = (
				620F4BBE1D0E5C6E003E5B7A /* MyWorkingLogTests.swift */,
				620F4BC01D0E5C6E003E5B7A /* Info.plist */,
			);
			path = MyWorkingLogTests;
			sourceTree = "<group>";
		};
		620F4BC81D0E5C6E003E5B7A /* MyWorkingLogUITests */ = {
			isa = PBXGroup;
			children = (
				620F4BC91D0E5C6E003E5B7A /* MyWorkingLogUITests.swift */,
				620F4BCB1D0E5C6E003E5B7A /* Info.plist */,
			);
			path = MyWorkingLogUITests;
			sourceTree = "<group>";
		};
		6216FF041D40A3EC008A06B8 /* Model */ = {
			isa = PBXGroup;
			children = (
				6216FF051D40A45B008A06B8 /* Project.swift */,
				6216FF071D40A4B2008A06B8 /* WorkingLog.swift */,
			);
			name = Model;
			sourceTree = "<group>";
		};
		6281909E1D42195C00267E73 /* Widget */ = {
			isa = PBXGroup;
			children = (
				6281909F1D42197000267E73 /* DeleteCellView.swift */,
				62F86DAA1D50893F00179406 /* Alert.swift */,
				624521191D518C12007188DA /* PopAlert.swift */,
				6245211B1D518CBF007188DA /* PopAlert.xib */,
			);
			name = Widget;
			sourceTree = "<group>";
		};
		628267081D585BFD00320147 /* res */ = {
			isa = PBXGroup;
			children = (
				620F4BB21D0E5C6D003E5B7A /* Main.storyboard */,
				628267091D585C4600320147 /* data.db */,
				628267061D5859E900320147 /* properties.plist */,
			);
			name = res;
			sourceTree = "<group>";
		};
		62ADC54C1D406E5900A7F00D /* Extends */ = {
			isa = PBXGroup;
			children = (
				62ADC54D1D406E7000A7F00D /* StringEx.swift */,
				62D79B5A1D4B046900B740E3 /* NSImageEx.swift */,
			);
			name = Extends;
			sourceTree = "<group>";
		};
		62B81C2E1D0FFF3B00B05900 /* Data */ = {
			isa = PBXGroup;
			children = (
				62B81C2F1D0FFF5A00B05900 /* DBHelper.swift */,
				62ADCF7E1D1395E4002E2F9F /* WorkingLogTable.swift */,
				623BAF461D10EC7D00474B52 /* ProjectTable.swift */,
			);
			name = Data;
			sourceTree = "<group>";
		};
		73C4EB5E0E197B68D3A88216 /* Frameworks */ = {
			isa = PBXGroup;
			children = (
				624EF5DB1DED257D0090C816 /* SQLite.framework */,
				628267131D5871C000320147 /* Automator.framework */,
				628267111D58716200320147 /* AppleScriptKit.framework */,
				6282670F1D58715100320147 /* ApplicationServices.framework */,
				6282670D1D58712B00320147 /* AppKit.framework */,
				62ADCF801D139DF3002E2F9F /* SQLite.framework */,
				6296D2361D0EB4C700D7A3A5 /* libsqlite3.0.tbd */,
				6296D2341D0EB4A100D7A3A5 /* libsqlite3.tbd */,
				C4F40FE69D8FA059A875154B /* Pods_MyWorkingLog.framework */,
				68124691FB40EB19F60640CD /* Pods_MyWorkingLogTests.framework */,
			);
			name = Frameworks;
			sourceTree = "<group>";
		};
/* End PBXGroup section */

/* Begin PBXNativeTarget section */
		620F4BA81D0E5C6D003E5B7A /* MyWorkingLog */ = {
			isa = PBXNativeTarget;
			buildConfigurationList = 620F4BCE1D0E5C6E003E5B7A /* Build configuration list for PBXNativeTarget "MyWorkingLog" */;
			buildPhases = (
				1B1EC8269039EBA865F532CF /* [CP] Check Pods Manifest.lock */,
				620F4BA51D0E5C6D003E5B7A /* Sources */,
				620F4BA61D0E5C6D003E5B7A /* Frameworks */,
				620F4BA71D0E5C6D003E5B7A /* Resources */,
				93FA3D92C18FC2C11351B996 /* [CP] Embed Pods Frameworks */,
				60B2AA37C1FA59ECDE853474 /* [CP] Copy Pods Resources */,
			);
			buildRules = (
			);
			dependencies = (
			);
			name = MyWorkingLog;
			productName = MyWorkingLog;
			productReference = 620F4BA91D0E5C6D003E5B7A /* MyWorkingLog.app */;
			productType = "com.apple.product-type.application";
		};
		620F4BB91D0E5C6E003E5B7A /* MyWorkingLogTests */ = {
			isa = PBXNativeTarget;
			buildConfigurationList = 620F4BD11D0E5C6E003E5B7A /* Build configuration list for PBXNativeTarget "MyWorkingLogTests" */;
			buildPhases = (
				AE93B0E07DA480FD526F29F6 /* [CP] Check Pods Manifest.lock */,
				620F4BB61D0E5C6E003E5B7A /* Sources */,
				620F4BB71D0E5C6E003E5B7A /* Frameworks */,
				620F4BB81D0E5C6E003E5B7A /* Resources */,
				B1069D04F69FED1B223228FB /* [CP] Embed Pods Frameworks */,
				4B1EAC00B583EC229ED9AB6D /* [CP] Copy Pods Resources */,
			);
			buildRules = (
			);
			dependencies = (
				620F4BBC1D0E5C6E003E5B7A /* PBXTargetDependency */,
			);
			name = MyWorkingLogTests;
			productName = MyWorkingLogTests;
			productReference = 620F4BBA1D0E5C6E003E5B7A /* MyWorkingLogTests.xctest */;
			productType = "com.apple.product-type.bundle.unit-test";
		};
		620F4BC41D0E5C6E003E5B7A /* MyWorkingLogUITests */ = {
			isa = PBXNativeTarget;
			buildConfigurationList = 620F4BD41D0E5C6E003E5B7A /* Build configuration list for PBXNativeTarget "MyWorkingLogUITests" */;
			buildPhases = (
				620F4BC11D0E5C6E003E5B7A /* Sources */,
				620F4BC21D0E5C6E003E5B7A /* Frameworks */,
				620F4BC31D0E5C6E003E5B7A /* Resources */,
			);
			buildRules = (
			);
			dependencies = (
				620F4BC71D0E5C6E003E5B7A /* PBXTargetDependency */,
			);
			name = MyWorkingLogUITests;
			productName = MyWorkingLogUITests;
			productReference = 620F4BC51D0E5C6E003E5B7A /* MyWorkingLogUITests.xctest */;
			productType = "com.apple.product-type.bundle.ui-testing";
		};
/* End PBXNativeTarget section */

/* Begin PBXProject section */
		620F4BA11D0E5C6D003E5B7A /* Project object */ = {
			isa = PBXProject;
			attributes = {
				KnownAssetTags = (
					New,
				);
				LastSwiftUpdateCheck = 0730;
				LastUpgradeCheck = 0730;
				ORGANIZATIONNAME = linjson;
				TargetAttributes = {
					620F4BA81D0E5C6D003E5B7A = {
						CreatedOnToolsVersion = 7.3.1;
						LastSwiftMigration = 0810;
					};
					620F4BB91D0E5C6E003E5B7A = {
						CreatedOnToolsVersion = 7.3.1;
						LastSwiftMigration = 0810;
						TestTargetID = 620F4BA81D0E5C6D003E5B7A;
					};
					620F4BC41D0E5C6E003E5B7A = {
						CreatedOnToolsVersion = 7.3.1;
						LastSwiftMigration = 0810;
						TestTargetID = 620F4BA81D0E5C6D003E5B7A;
					};
				};
			};
			buildConfigurationList = 620F4BA41D0E5C6D003E5B7A /* Build configuration list for PBXProject "MyWorkingLog" */;
			compatibilityVersion = "Xcode 3.2";
			developmentRegion = English;
			hasScannedForEncodings = 0;
			knownRegions = (
				en,
				Base,
			);
			mainGroup = 620F4BA01D0E5C6D003E5B7A;
			productRefGroup = 620F4BAA1D0E5C6D003E5B7A /* Products */;
			projectDirPath = "";
			projectRoot = "";
			targets = (
				620F4BA81D0E5C6D003E5B7A /* MyWorkingLog */,
				620F4BB91D0E5C6E003E5B7A /* MyWorkingLogTests */,
				620F4BC41D0E5C6E003E5B7A /* MyWorkingLogUITests */,
			);
		};
/* End PBXProject section */

/* Begin PBXResourcesBuildPhase section */
		620F4BA71D0E5C6D003E5B7A /* Resources */ = {
			isa = PBXResourcesBuildPhase;
			buildActionMask = 2147483647;
			files = (
				628267071D5859E900320147 /* properties.plist in Resources */,
				6245211C1D518CBF007188DA /* PopAlert.xib in Resources */,
				6282670A1D585C4600320147 /* data.db in Resources */,
				620F4BB11D0E5C6D003E5B7A /* Assets.xcassets in Resources */,
				620F4BB41D0E5C6D003E5B7A /* Main.storyboard in Resources */,
			);
			runOnlyForDeploymentPostprocessing = 0;
		};
		620F4BB81D0E5C6E003E5B7A /* Resources */ = {
			isa = PBXResourcesBuildPhase;
			buildActionMask = 2147483647;
			files = (
			);
			runOnlyForDeploymentPostprocessing = 0;
		};
		620F4BC31D0E5C6E003E5B7A /* Resources */ = {
			isa = PBXResourcesBuildPhase;
			buildActionMask = 2147483647;
			files = (
			);
			runOnlyForDeploymentPostprocessing = 0;
		};
/* End PBXResourcesBuildPhase section */

/* Begin PBXShellScriptBuildPhase section */
		1B1EC8269039EBA865F532CF /* [CP] Check Pods Manifest.lock */ = {
			isa = PBXShellScriptBuildPhase;
			buildActionMask = 2147483647;
			files = (
			);
			inputPaths = (
			);
			name = "[CP] Check Pods Manifest.lock";
			outputPaths = (
			);
			runOnlyForDeploymentPostprocessing = 0;
			shellPath = /bin/sh;
			shellScript = "diff \"${PODS_ROOT}/../Podfile.lock\" \"${PODS_ROOT}/Manifest.lock\" > /dev/null\nif [ $? != 0 ] ; then\n    # print error to STDERR\n    echo \"error: The sandbox is not in sync with the Podfile.lock. Run 'pod install' or update your CocoaPods installation.\" >&2\n    exit 1\nfi\n";
			showEnvVarsInLog = 0;
		};
		4B1EAC00B583EC229ED9AB6D /* [CP] Copy Pods Resources */ = {
			isa = PBXShellScriptBuildPhase;
			buildActionMask = 2147483647;
			files = (
			);
			inputPaths = (
			);
			name = "[CP] Copy Pods Resources";
			outputPaths = (
			);
			runOnlyForDeploymentPostprocessing = 0;
			shellPath = /bin/sh;
			shellScript = "\"${SRCROOT}/Pods/Target Support Files/Pods-MyWorkingLogTests/Pods-MyWorkingLogTests-resources.sh\"\n";
			showEnvVarsInLog = 0;
		};
		60B2AA37C1FA59ECDE853474 /* [CP] Copy Pods Resources */ = {
			isa = PBXShellScriptBuildPhase;
			buildActionMask = 2147483647;
			files = (
			);
			inputPaths = (
			);
			name = "[CP] Copy Pods Resources";
			outputPaths = (
			);
			runOnlyForDeploymentPostprocessing = 0;
			shellPath = /bin/sh;
			shellScript = "\"${SRCROOT}/Pods/Target Support Files/Pods-MyWorkingLog/Pods-MyWorkingLog-resources.sh\"\n";
			showEnvVarsInLog = 0;
		};
		93FA3D92C18FC2C11351B996 /* [CP] Embed Pods Frameworks */ = {
			isa = PBXShellScriptBuildPhase;
			buildActionMask = 2147483647;
			files = (
			);
			inputPaths = (
			);
			name = "[CP] Embed Pods Frameworks";
			outputPaths = (
			);
			runOnlyForDeploymentPostprocessing = 0;
			shellPath = /bin/sh;
			shellScript = "\"${SRCROOT}/Pods/Target Support Files/Pods-MyWorkingLog/Pods-MyWorkingLog-frameworks.sh\"\n";
			showEnvVarsInLog = 0;
		};
		AE93B0E07DA480FD526F29F6 /* [CP] Check Pods Manifest.lock */ = {
			isa = PBXShellScriptBuildPhase;
			buildActionMask = 2147483647;
			files = (
			);
			inputPaths = (
			);
			name = "[CP] Check Pods Manifest.lock";
			outputPaths = (
			);
			runOnlyForDeploymentPostprocessing = 0;
			shellPath = /bin/sh;
			shellScript = "diff \"${PODS_ROOT}/../Podfile.lock\" \"${PODS_ROOT}/Manifest.lock\" > /dev/null\nif [ $? != 0 ] ; then\n    # print error to STDERR\n    echo \"error: The sandbox is not in sync with the Podfile.lock. Run 'pod install' or update your CocoaPods installation.\" >&2\n    exit 1\nfi\n";
			showEnvVarsInLog = 0;
		};
		B1069D04F69FED1B223228FB /* [CP] Embed Pods Frameworks */ = {
			isa = PBXShellScriptBuildPhase;
			buildActionMask = 2147483647;
			files = (
			);
			inputPaths = (
			);
			name = "[CP] Embed Pods Frameworks";
			outputPaths = (
			);
			runOnlyForDeploymentPostprocessing = 0;
			shellPath = /bin/sh;
			shellScript = "\"${SRCROOT}/Pods/Target Support Files/Pods-MyWorkingLogTests/Pods-MyWorkingLogTests-frameworks.sh\"\n";
			showEnvVarsInLog = 0;
		};
/* End PBXShellScriptBuildPhase section */

/* Begin PBXSourcesBuildPhase section */
		620F4BA51D0E5C6D003E5B7A /* Sources */ = {
			isa = PBXSourcesBuildPhase;
			buildActionMask = 2147483647;
			files = (
				6282670C1D585D0F00320147 /* Properties.swift in Sources */,
				62D79B5B1D4B046900B740E3 /* NSImageEx.swift in Sources */,
				620F4BAF1D0E5C6D003E5B7A /* ViewController.swift in Sources */,
				6245211A1D518C12007188DA /* PopAlert.swift in Sources */,
				628190A01D42197000267E73 /* DeleteCellView.swift in Sources */,
				629A60281D38B38900A76955 /* WindowController.swift in Sources */,
				62B81C301D0FFF5A00B05900 /* DBHelper.swift in Sources */,
				62ADC54E1D406E7000A7F00D /* StringEx.swift in Sources */,
				628267021D5855B800320147 /* DataBaseViewController.swift in Sources */,
				6216FF081D40A4B2008A06B8 /* WorkingLog.swift in Sources */,
				620F4BAD1D0E5C6D003E5B7A /* AppDelegate.swift in Sources */,
				62ADCF7F1D1395E4002E2F9F /* WorkingLogTable.swift in Sources */,
				623BAF471D10EC7D00474B52 /* ProjectTable.swift in Sources */,
				6216FF061D40A45B008A06B8 /* Project.swift in Sources */,
				6201A42E1D46FC36006A6CC6 /* WorkinglogDetailController.swift in Sources */,
				62C353111D4608F000F69E99 /* Const.swift in Sources */,
				62F86DAB1D50893F00179406 /* Alert.swift in Sources */,
				62F86DA91D50496F00179406 /* ProjectManagerViewController.swift in Sources */,
			);
			runOnlyForDeploymentPostprocessing = 0;
		};
		620F4BB61D0E5C6E003E5B7A /* Sources */ = {
			isa = PBXSourcesBuildPhase;
			buildActionMask = 2147483647;
			files = (
				620F4BBF1D0E5C6E003E5B7A /* MyWorkingLogTests.swift in Sources */,
			);
			runOnlyForDeploymentPostprocessing = 0;
		};
		620F4BC11D0E5C6E003E5B7A /* Sources */ = {
			isa = PBXSourcesBuildPhase;
			buildActionMask = 2147483647;
			files = (
				620F4BCA1D0E5C6E003E5B7A /* MyWorkingLogUITests.swift in Sources */,
			);
			runOnlyForDeploymentPostprocessing = 0;
		};
/* End PBXSourcesBuildPhase section */

/* Begin PBXTargetDependency section */
		620F4BBC1D0E5C6E003E5B7A /* PBXTargetDependency */ = {
			isa = PBXTargetDependency;
			target = 620F4BA81D0E5C6D003E5B7A /* MyWorkingLog */;
			targetProxy = 620F4BBB1D0E5C6E003E5B7A /* PBXContainerItemProxy */;
		};
		620F4BC71D0E5C6E003E5B7A /* PBXTargetDependency */ = {
			isa = PBXTargetDependency;
			target = 620F4BA81D0E5C6D003E5B7A /* MyWorkingLog */;
			targetProxy = 620F4BC61D0E5C6E003E5B7A /* PBXContainerItemProxy */;
		};
/* End PBXTargetDependency section */

/* Begin PBXVariantGroup section */
		620F4BB21D0E5C6D003E5B7A /* Main.storyboard */ = {
			isa = PBXVariantGroup;
			children = (
				620F4BB31D0E5C6D003E5B7A /* Base */,
			);
			name = Main.storyboard;
			sourceTree = "<group>";
		};
/* End PBXVariantGroup section */

/* Begin XCBuildConfiguration section */
		620F4BCC1D0E5C6E003E5B7A /* Debug */ = {
			isa = XCBuildConfiguration;
			buildSettings = {
				ALWAYS_SEARCH_USER_PATHS = NO;
				CLANG_ANALYZER_NONNULL = YES;
				CLANG_CXX_LANGUAGE_STANDARD = "gnu++0x";
				CLANG_CXX_LIBRARY = "libc++";
				CLANG_ENABLE_MODULES = YES;
				CLANG_ENABLE_OBJC_ARC = YES;
				CLANG_WARN_BOOL_CONVERSION = YES;
				CLANG_WARN_CONSTANT_CONVERSION = YES;
				CLANG_WARN_DIRECT_OBJC_ISA_USAGE = YES_ERROR;
				CLANG_WARN_EMPTY_BODY = YES;
				CLANG_WARN_ENUM_CONVERSION = YES;
				CLANG_WARN_INT_CONVERSION = YES;
				CLANG_WARN_OBJC_ROOT_CLASS = YES_ERROR;
				CLANG_WARN_UNREACHABLE_CODE = YES;
				CLANG_WARN__DUPLICATE_METHOD_MATCH = YES;
				CODE_SIGN_IDENTITY = "-";
				COPY_PHASE_STRIP = NO;
				DEBUG_INFORMATION_FORMAT = dwarf;
				ENABLE_STRICT_OBJC_MSGSEND = YES;
				ENABLE_TESTABILITY = YES;
				GCC_C_LANGUAGE_STANDARD = gnu99;
				GCC_DYNAMIC_NO_PIC = NO;
				GCC_NO_COMMON_BLOCKS = YES;
				GCC_OPTIMIZATION_LEVEL = 0;
				GCC_PREPROCESSOR_DEFINITIONS = (
					"DEBUG=1",
					"$(inherited)",
				);
				GCC_WARN_64_TO_32_BIT_CONVERSION = YES;
				GCC_WARN_ABOUT_RETURN_TYPE = YES_ERROR;
				GCC_WARN_UNDECLARED_SELECTOR = YES;
				GCC_WARN_UNINITIALIZED_AUTOS = YES_AGGRESSIVE;
				GCC_WARN_UNUSED_FUNCTION = YES;
				GCC_WARN_UNUSED_VARIABLE = YES;
				MACOSX_DEPLOYMENT_TARGET = 10.11;
				MTL_ENABLE_DEBUG_INFO = YES;
				ONLY_ACTIVE_ARCH = YES;
				SDKROOT = macosx;
				SWIFT_OPTIMIZATION_LEVEL = "-Onone";
			};
			name = Debug;
		};
		620F4BCD1D0E5C6E003E5B7A /* Release */ = {
			isa = XCBuildConfiguration;
			buildSettings = {
				ALWAYS_SEARCH_USER_PATHS = NO;
				CLANG_ANALYZER_NONNULL = YES;
				CLANG_CXX_LANGUAGE_STANDARD = "gnu++0x";
				CLANG_CXX_LIBRARY = "libc++";
				CLANG_ENABLE_MODULES = YES;
				CLANG_ENABLE_OBJC_ARC = YES;
				CLANG_WARN_BOOL_CONVERSION = YES;
				CLANG_WARN_CONSTANT_CONVERSION = YES;
				CLANG_WARN_DIRECT_OBJC_ISA_USAGE = YES_ERROR;
				CLANG_WARN_EMPTY_BODY = YES;
				CLANG_WARN_ENUM_CONVERSION = YES;
				CLANG_WARN_INT_CONVERSION = YES;
				CLANG_WARN_OBJC_ROOT_CLASS = YES_ERROR;
				CLANG_WARN_UNREACHABLE_CODE = YES;
				CLANG_WARN__DUPLICATE_METHOD_MATCH = YES;
				CODE_SIGN_IDENTITY = "-";
				COPY_PHASE_STRIP = NO;
				DEBUG_INFORMATION_FORMAT = "dwarf-with-dsym";
				ENABLE_NS_ASSERTIONS = NO;
				ENABLE_STRICT_OBJC_MSGSEND = YES;
				GCC_C_LANGUAGE_STANDARD = gnu99;
				GCC_NO_COMMON_BLOCKS = YES;
				GCC_WARN_64_TO_32_BIT_CONVERSION = YES;
				GCC_WARN_ABOUT_RETURN_TYPE = YES_ERROR;
				GCC_WARN_UNDECLARED_SELECTOR = YES;
				GCC_WARN_UNINITIALIZED_AUTOS = YES_AGGRESSIVE;
				GCC_WARN_UNUSED_FUNCTION = YES;
				GCC_WARN_UNUSED_VARIABLE = YES;
				MACOSX_DEPLOYMENT_TARGET = 10.11;
				MTL_ENABLE_DEBUG_INFO = NO;
				SDKROOT = macosx;
			};
			name = Release;
		};
		620F4BCF1D0E5C6E003E5B7A /* Debug */ = {
			isa = XCBuildConfiguration;
			baseConfigurationReference = 6B2FB098A043BB450EC9C0F7 /* Pods-MyWorkingLog.debug.xcconfig */;
			buildSettings = {
				ASSETCATALOG_COMPILER_APPICON_NAME = AppIcon;
				CLANG_ENABLE_MODULES = YES;
				COMBINE_HIDPI_IMAGES = YES;
				INFOPLIST_FILE = MyWorkingLog/Info.plist;
				LD_RUNPATH_SEARCH_PATHS = "$(inherited) @executable_path/../Frameworks";
				PRODUCT_BUNDLE_IDENTIFIER = ljs.MyWorkingLog;
				PRODUCT_NAME = "$(TARGET_NAME)";
				SWIFT_OPTIMIZATION_LEVEL = "-Onone";
				SWIFT_VERSION = 3.0;
			};
			name = Debug;
		};
		620F4BD01D0E5C6E003E5B7A /* Release */ = {
			isa = XCBuildConfiguration;
			baseConfigurationReference = 974D312E13D8888097B53A34 /* Pods-MyWorkingLog.release.xcconfig */;
			buildSettings = {
				ASSETCATALOG_COMPILER_APPICON_NAME = AppIcon;
				CLANG_ENABLE_MODULES = YES;
				COMBINE_HIDPI_IMAGES = YES;
				INFOPLIST_FILE = MyWorkingLog/Info.plist;
				LD_RUNPATH_SEARCH_PATHS = "$(inherited) @executable_path/../Frameworks";
				PRODUCT_BUNDLE_IDENTIFIER = ljs.MyWorkingLog;
				PRODUCT_NAME = "$(TARGET_NAME)";
				SWIFT_VERSION = 3.0;
			};
			name = Release;
		};
		620F4BD21D0E5C6E003E5B7A /* Debug */ = {
			isa = XCBuildConfiguration;
			baseConfigurationReference = 9E61F66ECF2B136781579179 /* Pods-MyWorkingLogTests.debug.xcconfig */;
			buildSettings = {
				BUNDLE_LOADER = "$(TEST_HOST)";
				COMBINE_HIDPI_IMAGES = YES;
				INFOPLIST_FILE = MyWorkingLogTests/Info.plist;
				LD_RUNPATH_SEARCH_PATHS = "$(inherited) @executable_path/../Frameworks @loader_path/../Frameworks";
				PRODUCT_BUNDLE_IDENTIFIER = ljs.MyWorkingLogTests;
				PRODUCT_NAME = "$(TARGET_NAME)";
				SWIFT_VERSION = 3.0;
				TEST_HOST = "$(BUILT_PRODUCTS_DIR)/MyWorkingLog.app/Contents/MacOS/MyWorkingLog";
			};
			name = Debug;
		};
		620F4BD31D0E5C6E003E5B7A /* Release */ = {
			isa = XCBuildConfiguration;
			baseConfigurationReference = D7981625970B06DE1AAA1B6A /* Pods-MyWorkingLogTests.release.xcconfig */;
			buildSettings = {
				BUNDLE_LOADER = "$(TEST_HOST)";
				COMBINE_HIDPI_IMAGES = YES;
				INFOPLIST_FILE = MyWorkingLogTests/Info.plist;
				LD_RUNPATH_SEARCH_PATHS = "$(inherited) @executable_path/../Frameworks @loader_path/../Frameworks";
				PRODUCT_BUNDLE_IDENTIFIER = ljs.MyWorkingLogTests;
				PRODUCT_NAME = "$(TARGET_NAME)";
				SWIFT_VERSION = 3.0;
				TEST_HOST = "$(BUILT_PRODUCTS_DIR)/MyWorkingLog.app/Contents/MacOS/MyWorkingLog";
			};
			name = Release;
		};
		620F4BD51D0E5C6E003E5B7A /* Debug */ = {
			isa = XCBuildConfiguration;
			buildSettings = {
				COMBINE_HIDPI_IMAGES = YES;
				INFOPLIST_FILE = MyWorkingLogUITests/Info.plist;
				LD_RUNPATH_SEARCH_PATHS = "$(inherited) @executable_path/../Frameworks @loader_path/../Frameworks";
				PRODUCT_BUNDLE_IDENTIFIER = ljs.MyWorkingLogUITests;
				PRODUCT_NAME = "$(TARGET_NAME)";
				SWIFT_VERSION = 3.0;
				TEST_TARGET_NAME = MyWorkingLog;
			};
			name = Debug;
		};
		620F4BD61D0E5C6E003E5B7A /* Release */ = {
			isa = XCBuildConfiguration;
			buildSettings = {
				COMBINE_HIDPI_IMAGES = YES;
				INFOPLIST_FILE = MyWorkingLogUITests/Info.plist;
				LD_RUNPATH_SEARCH_PATHS = "$(inherited) @executable_path/../Frameworks @loader_path/../Frameworks";
				PRODUCT_BUNDLE_IDENTIFIER = ljs.MyWorkingLogUITests;
				PRODUCT_NAME = "$(TARGET_NAME)";
				SWIFT_VERSION = 3.0;
				TEST_TARGET_NAME = MyWorkingLog;
			};
			name = Release;
		};
/* End XCBuildConfiguration section */

/* Begin XCConfigurationList section */
		620F4BA41D0E5C6D003E5B7A /* Build configuration list for PBXProject "MyWorkingLog" */ = {
			isa = XCConfigurationList;
			buildConfigurations = (
				620F4BCC1D0E5C6E003E5B7A /* Debug */,
				620F4BCD1D0E5C6E003E5B7A /* Release */,
			);
			defaultConfigurationIsVisible = 0;
			defaultConfigurationName = Release;
		};
		620F4BCE1D0E5C6E003E5B7A /* Build configuration list for PBXNativeTarget "MyWorkingLog" */ = {
			isa = XCConfigurationList;
			buildConfigurations = (
				620F4BCF1D0E5C6E003E5B7A /* Debug */,
				620F4BD01D0E5C6E003E5B7A /* Release */,
			);
			defaultConfigurationIsVisible = 0;
			defaultConfigurationName = Release;
		};
		620F4BD11D0E5C6E003E5B7A /* Build configuration list for PBXNativeTarget "MyWorkingLogTests" */ = {
			isa = XCConfigurationList;
			buildConfigurations = (
				620F4BD21D0E5C6E003E5B7A /* Debug */,
				620F4BD31D0E5C6E003E5B7A /* Release */,
			);
			defaultConfigurationIsVisible = 0;
			defaultConfigurationName = Release;
		};
		620F4BD41D0E5C6E003E5B7A /* Build configuration list for PBXNativeTarget "MyWorkingLogUITests" */ = {
			isa = XCConfigurationList;
			buildConfigurations = (
				620F4BD51D0E5C6E003E5B7A /* Debug */,
				620F4BD61D0E5C6E003E5B7A /* Release */,
			);
			defaultConfigurationIsVisible = 0;
			defaultConfigurationName = Release;
		};
/* End XCConfigurationList section */
	};
	rootObject = 620F4BA11D0E5C6D003E5B7A /* Project object */;
}
